// !$*UTF8*$!
{
	archiveVersion = 1;
	classes = {
	};
	objectVersion = 55;
	objects = {

/* Begin PBXBuildFile section */
		9438AA8327886DDA0077613B /* Tests_iOS.swift in Sources */ = {isa = PBXBuildFile; fileRef = 9438AA8227886DDA0077613B /* Tests_iOS.swift */; };
		9438AA8527886DDA0077613B /* Tests_iOSLaunchTests.swift in Sources */ = {isa = PBXBuildFile; fileRef = 9438AA8427886DDA0077613B /* Tests_iOSLaunchTests.swift */; };
		9438AA8F27886DDA0077613B /* Tests_macOS.swift in Sources */ = {isa = PBXBuildFile; fileRef = 9438AA8E27886DDA0077613B /* Tests_macOS.swift */; };
		9438AA9127886DDA0077613B /* Tests_macOSLaunchTests.swift in Sources */ = {isa = PBXBuildFile; fileRef = 9438AA9027886DDA0077613B /* Tests_macOSLaunchTests.swift */; };
		9438AA9227886DDA0077613B /* SwiftUI_WeatherApp.swift in Sources */ = {isa = PBXBuildFile; fileRef = 9438AA6A27886DD90077613B /* SwiftUI_WeatherApp.swift */; };
		9438AA9327886DDA0077613B /* SwiftUI_WeatherApp.swift in Sources */ = {isa = PBXBuildFile; fileRef = 9438AA6A27886DD90077613B /* SwiftUI_WeatherApp.swift */; };
		9438AA9427886DDA0077613B /* ContentView.swift in Sources */ = {isa = PBXBuildFile; fileRef = 9438AA6B27886DD90077613B /* ContentView.swift */; };
		9438AA9527886DDA0077613B /* ContentView.swift in Sources */ = {isa = PBXBuildFile; fileRef = 9438AA6B27886DD90077613B /* ContentView.swift */; };
		9438AA9627886DDA0077613B /* Assets.xcassets in Resources */ = {isa = PBXBuildFile; fileRef = 9438AA6C27886DDA0077613B /* Assets.xcassets */; };
		9438AA9727886DDA0077613B /* Assets.xcassets in Resources */ = {isa = PBXBuildFile; fileRef = 9438AA6C27886DDA0077613B /* Assets.xcassets */; };
		9438AAA727887DA70077613B /* WeatherButton.swift in Sources */ = {isa = PBXBuildFile; fileRef = 9438AAA627887DA70077613B /* WeatherButton.swift */; };
		9438AAA827887DA70077613B /* WeatherButton.swift in Sources */ = {isa = PBXBuildFile; fileRef = 9438AAA627887DA70077613B /* WeatherButton.swift */; };
/* End PBXBuildFile section */

/* Begin PBXContainerItemProxy section */
		9438AA7F27886DDA0077613B /* PBXContainerItemProxy */ = {
			isa = PBXContainerItemProxy;
			containerPortal = 9438AA6527886DD90077613B /* Project object */;
			proxyType = 1;
			remoteGlobalIDString = 9438AA7027886DDA0077613B;
			remoteInfo = "SwiftUI-Weather (iOS)";
		};
		9438AA8B27886DDA0077613B /* PBXContainerItemProxy */ = {
			isa = PBXContainerItemProxy;
			containerPortal = 9438AA6527886DD90077613B /* Project object */;
			proxyType = 1;
			remoteGlobalIDString = 9438AA7627886DDA0077613B;
			remoteInfo = "SwiftUI-Weather (macOS)";
		};
/* End PBXContainerItemProxy section */

/* Begin PBXFileReference section */
		9438AA6A27886DD90077613B /* SwiftUI_WeatherApp.swift */ = {isa = PBXFileReference; lastKnownFileType = sourcecode.swift; path = SwiftUI_WeatherApp.swift; sourceTree = "<group>"; };
		9438AA6B27886DD90077613B /* ContentView.swift */ = {isa = PBXFileReference; lastKnownFileType = sourcecode.swift; path = ContentView.swift; sourceTree = "<group>"; };
		9438AA6C27886DDA0077613B /* Assets.xcassets */ = {isa = PBXFileReference; lastKnownFileType = folder.assetcatalog; path = Assets.xcassets; sourceTree = "<group>"; };
		9438AA7127886DDA0077613B /* SwiftUI-Weather.app */ = {isa = PBXFileReference; explicitFileType = wrapper.application; includeInIndex = 0; path = "SwiftUI-Weather.app"; sourceTree = BUILT_PRODUCTS_DIR; };
		9438AA7727886DDA0077613B /* SwiftUI-Weather.app */ = {isa = PBXFileReference; explicitFileType = wrapper.application; includeInIndex = 0; path = "SwiftUI-Weather.app"; sourceTree = BUILT_PRODUCTS_DIR; };
		9438AA7927886DDA0077613B /* macOS.entitlements */ = {isa = PBXFileReference; lastKnownFileType = text.plist.entitlements; path = macOS.entitlements; sourceTree = "<group>"; };
		9438AA7E27886DDA0077613B /* Tests iOS.xctest */ = {isa = PBXFileReference; explicitFileType = wrapper.cfbundle; includeInIndex = 0; path = "Tests iOS.xctest"; sourceTree = BUILT_PRODUCTS_DIR; };
		9438AA8227886DDA0077613B /* Tests_iOS.swift */ = {isa = PBXFileReference; lastKnownFileType = sourcecode.swift; path = Tests_iOS.swift; sourceTree = "<group>"; };
		9438AA8427886DDA0077613B /* Tests_iOSLaunchTests.swift */ = {isa = PBXFileReference; lastKnownFileType = sourcecode.swift; path = Tests_iOSLaunchTests.swift; sourceTree = "<group>"; };
		9438AA8A27886DDA0077613B /* Tests macOS.xctest */ = {isa = PBXFileReference; explicitFileType = wrapper.cfbundle; includeInIndex = 0; path = "Tests macOS.xctest"; sourceTree = BUILT_PRODUCTS_DIR; };
		9438AA8E27886DDA0077613B /* Tests_macOS.swift */ = {isa = PBXFileReference; lastKnownFileType = sourcecode.swift; path = Tests_macOS.swift; sourceTree = "<group>"; };
		9438AA9027886DDA0077613B /* Tests_macOSLaunchTests.swift */ = {isa = PBXFileReference; lastKnownFileType = sourcecode.swift; path = Tests_macOSLaunchTests.swift; sourceTree = "<group>"; };
		9438AAA627887DA70077613B /* WeatherButton.swift */ = {isa = PBXFileReference; lastKnownFileType = sourcecode.swift; path = WeatherButton.swift; sourceTree = "<group>"; };
/* End PBXFileReference section */

/* Begin PBXFrameworksBuildPhase section */
		9438AA6E27886DDA0077613B /* Frameworks */ = {
			isa = PBXFrameworksBuildPhase;
			buildActionMask = 2147483647;
			files = (
			);
			runOnlyForDeploymentPostprocessing = 0;
		};
		9438AA7427886DDA0077613B /* Frameworks */ = {
			isa = PBXFrameworksBuildPhase;
			buildActionMask = 2147483647;
			files = (
			);
			runOnlyForDeploymentPostprocessing = 0;
		};
		9438AA7B27886DDA0077613B /* Frameworks */ = {
			isa = PBXFrameworksBuildPhase;
			buildActionMask = 2147483647;
			files = (
			);
			runOnlyForDeploymentPostprocessing = 0;
		};
		9438AA8727886DDA0077613B /* Frameworks */ = {
			isa = PBXFrameworksBuildPhase;
			buildActionMask = 2147483647;
			files = (
			);
			runOnlyForDeploymentPostprocessing = 0;
		};
/* End PBXFrameworksBuildPhase section */

/* Begin PBXGroup section */
		9438AA6427886DD90077613B = {
			isa = PBXGroup;
			children = (
				9438AA6927886DD90077613B /* Shared */,
				9438AA7827886DDA0077613B /* macOS */,
				9438AA8127886DDA0077613B /* Tests iOS */,
				9438AA8D27886DDA0077613B /* Tests macOS */,
				9438AA7227886DDA0077613B /* Products */,
			);
			sourceTree = "<group>";
		};
		9438AA6927886DD90077613B /* Shared */ = {
			isa = PBXGroup;
			children = (
				9438AA6A27886DD90077613B /* SwiftUI_WeatherApp.swift */,
				9438AA6B27886DD90077613B /* ContentView.swift */,
				9438AAA627887DA70077613B /* WeatherButton.swift */,
				9438AA6C27886DDA0077613B /* Assets.xcassets */,
			);
			path = Shared;
			sourceTree = "<group>";
		};
		9438AA7227886DDA0077613B /* Products */ = {
			isa = PBXGroup;
			children = (
				9438AA7127886DDA0077613B /* SwiftUI-Weather.app */,
				9438AA7727886DDA0077613B /* SwiftUI-Weather.app */,
				9438AA7E27886DDA0077613B /* Tests iOS.xctest */,
				9438AA8A27886DDA0077613B /* Tests macOS.xctest */,
			);
			name = Products;
			sourceTree = "<group>";
		};
		9438AA7827886DDA0077613B /* macOS */ = {
			isa = PBXGroup;
			children = (
				9438AA7927886DDA0077613B /* macOS.entitlements */,
			);
			path = macOS;
			sourceTree = "<group>";
		};
		9438AA8127886DDA0077613B /* Tests iOS */ = {
			isa = PBXGroup;
			children = (
				9438AA8227886DDA0077613B /* Tests_iOS.swift */,
				9438AA8427886DDA0077613B /* Tests_iOSLaunchTests.swift */,
			);
			path = "Tests iOS";
			sourceTree = "<group>";
		};
		9438AA8D27886DDA0077613B /* Tests macOS */ = {
			isa = PBXGroup;
			children = (
				9438AA8E27886DDA0077613B /* Tests_macOS.swift */,
				9438AA9027886DDA0077613B /* Tests_macOSLaunchTests.swift */,
			);
			path = "Tests macOS";
			sourceTree = "<group>";
		};
/* End PBXGroup section */

/* Begin PBXNativeTarget section */
		9438AA7027886DDA0077613B /* SwiftUI-Weather (iOS) */ = {
			isa = PBXNativeTarget;
			buildConfigurationList = 9438AA9A27886DDA0077613B /* Build configuration list for PBXNativeTarget "SwiftUI-Weather (iOS)" */;
			buildPhases = (
				9438AA6D27886DDA0077613B /* Sources */,
				9438AA6E27886DDA0077613B /* Frameworks */,
				9438AA6F27886DDA0077613B /* Resources */,
			);
			buildRules = (
			);
			dependencies = (
			);
			name = "SwiftUI-Weather (iOS)";
			productName = "SwiftUI-Weather (iOS)";
			productReference = 9438AA7127886DDA0077613B /* SwiftUI-Weather.app */;
			productType = "com.apple.product-type.application";
		};
		9438AA7627886DDA0077613B /* SwiftUI-Weather (macOS) */ = {
			isa = PBXNativeTarget;
			buildConfigurationList = 9438AA9D27886DDA0077613B /* Build configuration list for PBXNativeTarget "SwiftUI-Weather (macOS)" */;
			buildPhases = (
				9438AA7327886DDA0077613B /* Sources */,
				9438AA7427886DDA0077613B /* Frameworks */,
				9438AA7527886DDA0077613B /* Resources */,
			);
			buildRules = (
			);
			dependencies = (
			);
			name = "SwiftUI-Weather (macOS)";
			productName = "SwiftUI-Weather (macOS)";
			productReference = 9438AA7727886DDA0077613B /* SwiftUI-Weather.app */;
			productType = "com.apple.product-type.application";
		};
		9438AA7D27886DDA0077613B /* Tests iOS */ = {
			isa = PBXNativeTarget;
			buildConfigurationList = 9438AAA027886DDA0077613B /* Build configuration list for PBXNativeTarget "Tests iOS" */;
			buildPhases = (
				9438AA7A27886DDA0077613B /* Sources */,
				9438AA7B27886DDA0077613B /* Frameworks */,
				9438AA7C27886DDA0077613B /* Resources */,
			);
			buildRules = (
			);
			dependencies = (
				9438AA8027886DDA0077613B /* PBXTargetDependency */,
			);
			name = "Tests iOS";
			productName = "Tests iOS";
			productReference = 9438AA7E27886DDA0077613B /* Tests iOS.xctest */;
			productType = "com.apple.product-type.bundle.ui-testing";
		};
		9438AA8927886DDA0077613B /* Tests macOS */ = {
			isa = PBXNativeTarget;
			buildConfigurationList = 9438AAA327886DDA0077613B /* Build configuration list for PBXNativeTarget "Tests macOS" */;
			buildPhases = (
				9438AA8627886DDA0077613B /* Sources */,
				9438AA8727886DDA0077613B /* Frameworks */,
				9438AA8827886DDA0077613B /* Resources */,
			);
			buildRules = (
			);
			dependencies = (
				9438AA8C27886DDA0077613B /* PBXTargetDependency */,
			);
			name = "Tests macOS";
			productName = "Tests macOS";
			productReference = 9438AA8A27886DDA0077613B /* Tests macOS.xctest */;
			productType = "com.apple.product-type.bundle.ui-testing";
		};
/* End PBXNativeTarget section */

/* Begin PBXProject section */
		9438AA6527886DD90077613B /* Project object */ = {
			isa = PBXProject;
			attributes = {
				BuildIndependentTargetsInParallel = 1;
				LastSwiftUpdateCheck = 1320;
				LastUpgradeCheck = 1320;
				TargetAttributes = {
					9438AA7027886DDA0077613B = {
						CreatedOnToolsVersion = 13.2.1;
					};
					9438AA7627886DDA0077613B = {
						CreatedOnToolsVersion = 13.2.1;
					};
					9438AA7D27886DDA0077613B = {
						CreatedOnToolsVersion = 13.2.1;
						TestTargetID = 9438AA7027886DDA0077613B;
					};
					9438AA8927886DDA0077613B = {
						CreatedOnToolsVersion = 13.2.1;
						TestTargetID = 9438AA7627886DDA0077613B;
					};
				};
			};
			buildConfigurationList = 9438AA6827886DD90077613B /* Build configuration list for PBXProject "SwiftUI-Weather" */;
			compatibilityVersion = "Xcode 13.0";
			developmentRegion = en;
			hasScannedForEncodings = 0;
			knownRegions = (
				en,
				Base,
			);
			mainGroup = 9438AA6427886DD90077613B;
			productRefGroup = 9438AA7227886DDA0077613B /* Products */;
			projectDirPath = "";
			projectRoot = "";
			targets = (
				9438AA7027886DDA0077613B /* SwiftUI-Weather (iOS) */,
				9438AA7627886DDA0077613B /* SwiftUI-Weather (macOS) */,
				9438AA7D27886DDA0077613B /* Tests iOS */,
				9438AA8927886DDA0077613B /* Tests macOS */,
			);
		};
/* End PBXProject section */

/* Begin PBXResourcesBuildPhase section */
		9438AA6F27886DDA0077613B /* Resources */ = {
			isa = PBXResourcesBuildPhase;
			buildActionMask = 2147483647;
			files = (
				9438AA9627886DDA0077613B /* Assets.xcassets in Resources */,
			);
			runOnlyForDeploymentPostprocessing = 0;
		};
		9438AA7527886DDA0077613B /* Resources */ = {
			isa = PBXResourcesBuildPhase;
			buildActionMask = 2147483647;
			files = (
				9438AA9727886DDA0077613B /* Assets.xcassets in Resources */,
			);
			runOnlyForDeploymentPostprocessing = 0;
		};
		9438AA7C27886DDA0077613B /* Resources */ = {
			isa = PBXResourcesBuildPhase;
			buildActionMask = 2147483647;
			files = (
			);
			runOnlyForDeploymentPostprocessing = 0;
		};
		9438AA8827886DDA0077613B /* Resources */ = {
			isa = PBXResourcesBuildPhase;
			buildActionMask = 2147483647;
			files = (
			);
			runOnlyForDeploymentPostprocessing = 0;
		};
/* End PBXResourcesBuildPhase section */

/* Begin PBXSourcesBuildPhase section */
		9438AA6D27886DDA0077613B /* Sources */ = {
			isa = PBXSourcesBuildPhase;
			buildActionMask = 2147483647;
			files = (
				9438AA9427886DDA0077613B /* ContentView.swift in Sources */,
				9438AA9227886DDA0077613B /* SwiftUI_WeatherApp.swift in Sources */,
				9438AAA727887DA70077613B /* WeatherButton.swift in Sources */,
			);
			runOnlyForDeploymentPostprocessing = 0;
		};
		9438AA7327886DDA0077613B /* Sources */ = {
			isa = PBXSourcesBuildPhase;
			buildActionMask = 2147483647;
			files = (
				9438AA9527886DDA0077613B /* ContentView.swift in Sources */,
				9438AA9327886DDA0077613B /* SwiftUI_WeatherApp.swift in Sources */,
				9438AAA827887DA70077613B /* WeatherButton.swift in Sources */,
			);
			runOnlyForDeploymentPostprocessing = 0;
		};
		9438AA7A27886DDA0077613B /* Sources */ = {
			isa = PBXSourcesBuildPhase;
			buildActionMask = 2147483647;
			files = (
				9438AA8527886DDA0077613B /* Tests_iOSLaunchTests.swift in Sources */,
				9438AA8327886DDA0077613B /* Tests_iOS.swift in Sources */,
			);
			runOnlyForDeploymentPostprocessing = 0;
		};
		9438AA8627886DDA0077613B /* Sources */ = {
			isa = PBXSourcesBuildPhase;
			buildActionMask = 2147483647;
			files = (
				9438AA9127886DDA0077613B /* Tests_macOSLaunchTests.swift in Sources */,
				9438AA8F27886DDA0077613B /* Tests_macOS.swift in Sources */,
			);
			runOnlyForDeploymentPostprocessing = 0;
		};
/* End PBXSourcesBuildPhase section */

/* Begin PBXTargetDependency section */
		9438AA8027886DDA0077613B /* PBXTargetDependency */ = {
			isa = PBXTargetDependency;
			target = 9438AA7027886DDA0077613B /* SwiftUI-Weather (iOS) */;
			targetProxy = 9438AA7F27886DDA0077613B /* PBXContainerItemProxy */;
		};
		9438AA8C27886DDA0077613B /* PBXTargetDependency */ = {
			isa = PBXTargetDependency;
			target = 9438AA7627886DDA0077613B /* SwiftUI-Weather (macOS) */;
			targetProxy = 9438AA8B27886DDA0077613B /* PBXContainerItemProxy */;
		};
/* End PBXTargetDependency section */

/* Begin XCBuildConfiguration section */
		9438AA9827886DDA0077613B /* Debug */ = {
			isa = XCBuildConfiguration;
			buildSettings = {
				ALWAYS_SEARCH_USER_PATHS = NO;
				CLANG_ANALYZER_NONNULL = YES;
				CLANG_ANALYZER_NUMBER_OBJECT_CONVERSION = YES_AGGRESSIVE;
				CLANG_CXX_LANGUAGE_STANDARD = "gnu++17";
				CLANG_CXX_LIBRARY = "libc++";
				CLANG_ENABLE_MODULES = YES;
				CLANG_ENABLE_OBJC_ARC = YES;
				CLANG_ENABLE_OBJC_WEAK = YES;
				CLANG_WARN_BLOCK_CAPTURE_AUTORELEASING = YES;
				CLANG_WARN_BOOL_CONVERSION = YES;
				CLANG_WARN_COMMA = YES;
				CLANG_WARN_CONSTANT_CONVERSION = YES;
				CLANG_WARN_DEPRECATED_OBJC_IMPLEMENTATIONS = YES;
				CLANG_WARN_DIRECT_OBJC_ISA_USAGE = YES_ERROR;
				CLANG_WARN_DOCUMENTATION_COMMENTS = YES;
				CLANG_WARN_EMPTY_BODY = YES;
				CLANG_WARN_ENUM_CONVERSION = YES;
				CLANG_WARN_INFINITE_RECURSION = YES;
				CLANG_WARN_INT_CONVERSION = YES;
				CLANG_WARN_NON_LITERAL_NULL_CONVERSION = YES;
				CLANG_WARN_OBJC_IMPLICIT_RETAIN_SELF = YES;
				CLANG_WARN_OBJC_LITERAL_CONVERSION = YES;
				CLANG_WARN_OBJC_ROOT_CLASS = YES_ERROR;
				CLANG_WARN_QUOTED_INCLUDE_IN_FRAMEWORK_HEADER = YES;
				CLANG_WARN_RANGE_LOOP_ANALYSIS = YES;
				CLANG_WARN_STRICT_PROTOTYPES = YES;
				CLANG_WARN_SUSPICIOUS_MOVE = YES;
				CLANG_WARN_UNGUARDED_AVAILABILITY = YES_AGGRESSIVE;
				CLANG_WARN_UNREACHABLE_CODE = YES;
				CLANG_WARN__DUPLICATE_METHOD_MATCH = YES;
				COPY_PHASE_STRIP = NO;
				DEBUG_INFORMATION_FORMAT = dwarf;
				ENABLE_STRICT_OBJC_MSGSEND = YES;
				ENABLE_TESTABILITY = YES;
				GCC_C_LANGUAGE_STANDARD = gnu11;
				GCC_DYNAMIC_NO_PIC = NO;
				GCC_NO_COMMON_BLOCKS = YES;
				GCC_OPTIMIZATION_LEVEL = 0;
				GCC_PREPROCESSOR_DEFINITIONS = (
					"DEBUG=1",
					"$(inherited)",
				);
				GCC_WARN_64_TO_32_BIT_CONVERSION = YES;
				GCC_WARN_ABOUT_RETURN_TYPE = YES_ERROR;
				GCC_WARN_UNDECLARED_SELECTOR = YES;
				GCC_WARN_UNINITIALIZED_AUTOS = YES_AGGRESSIVE;
				GCC_WARN_UNUSED_FUNCTION = YES;
				GCC_WARN_UNUSED_VARIABLE = YES;
				MTL_ENABLE_DEBUG_INFO = INCLUDE_SOURCE;
				MTL_FAST_MATH = YES;
				ONLY_ACTIVE_ARCH = YES;
				SWIFT_ACTIVE_COMPILATION_CONDITIONS = DEBUG;
				SWIFT_OPTIMIZATION_LEVEL = "-Onone";
			};
			name = Debug;
		};
		9438AA9927886DDA0077613B /* Release */ = {
			isa = XCBuildConfiguration;
			buildSettings = {
				ALWAYS_SEARCH_USER_PATHS = NO;
				CLANG_ANALYZER_NONNULL = YES;
				CLANG_ANALYZER_NUMBER_OBJECT_CONVERSION = YES_AGGRESSIVE;
				CLANG_CXX_LANGUAGE_STANDARD = "gnu++17";
				CLANG_CXX_LIBRARY = "libc++";
				CLANG_ENABLE_MODULES = YES;
				CLANG_ENABLE_OBJC_ARC = YES;
				CLANG_ENABLE_OBJC_WEAK = YES;
				CLANG_WARN_BLOCK_CAPTURE_AUTORELEASING = YES;
				CLANG_WARN_BOOL_CONVERSION = YES;
				CLANG_WARN_COMMA = YES;
				CLANG_WARN_CONSTANT_CONVERSION = YES;
				CLANG_WARN_DEPRECATED_OBJC_IMPLEMENTATIONS = YES;
				CLANG_WARN_DIRECT_OBJC_ISA_USAGE = YES_ERROR;
				CLANG_WARN_DOCUMENTATION_COMMENTS = YES;
				CLANG_WARN_EMPTY_BODY = YES;
				CLANG_WARN_ENUM_CONVERSION = YES;
				CLANG_WARN_INFINITE_RECURSION = YES;
				CLANG_WARN_INT_CONVERSION = YES;
				CLANG_WARN_NON_LITERAL_NULL_CONVERSION = YES;
				CLANG_WARN_OBJC_IMPLICIT_RETAIN_SELF = YES;
				CLANG_WARN_OBJC_LITERAL_CONVERSION = YES;
				CLANG_WARN_OBJC_ROOT_CLASS = YES_ERROR;
				CLANG_WARN_QUOTED_INCLUDE_IN_FRAMEWORK_HEADER = YES;
				CLANG_WARN_RANGE_LOOP_ANALYSIS = YES;
				CLANG_WARN_STRICT_PROTOTYPES = YES;
				CLANG_WARN_SUSPICIOUS_MOVE = YES;
				CLANG_WARN_UNGUARDED_AVAILABILITY = YES_AGGRESSIVE;
				CLANG_WARN_UNREACHABLE_CODE = YES;
				CLANG_WARN__DUPLICATE_METHOD_MATCH = YES;
				COPY_PHASE_STRIP = NO;
				DEBUG_INFORMATION_FORMAT = "dwarf-with-dsym";
				ENABLE_NS_ASSERTIONS = NO;
				ENABLE_STRICT_OBJC_MSGSEND = YES;
				GCC_C_LANGUAGE_STANDARD = gnu11;
				GCC_NO_COMMON_BLOCKS = YES;
				GCC_WARN_64_TO_32_BIT_CONVERSION = YES;
				GCC_WARN_ABOUT_RETURN_TYPE = YES_ERROR;
				GCC_WARN_UNDECLARED_SELECTOR = YES;
				GCC_WARN_UNINITIALIZED_AUTOS = YES_AGGRESSIVE;
				GCC_WARN_UNUSED_FUNCTION = YES;
				GCC_WARN_UNUSED_VARIABLE = YES;
				MTL_ENABLE_DEBUG_INFO = NO;
				MTL_FAST_MATH = YES;
				SWIFT_COMPILATION_MODE = wholemodule;
				SWIFT_OPTIMIZATION_LEVEL = "-O";
			};
			name = Release;
		};
		9438AA9B27886DDA0077613B /* Debug */ = {
			isa = XCBuildConfiguration;
			buildSettings = {
				ASSETCATALOG_COMPILER_APPICON_NAME = AppIcon;
				ASSETCATALOG_COMPILER_GLOBAL_ACCENT_COLOR_NAME = AccentColor;
				CODE_SIGN_STYLE = Automatic;
				CURRENT_PROJECT_VERSION = 1;
				DEVELOPMENT_TEAM = GD6W4H77DS;
				ENABLE_PREVIEWS = YES;
				GENERATE_INFOPLIST_FILE = YES;
				INFOPLIST_KEY_UIApplicationSceneManifest_Generation = YES;
				INFOPLIST_KEY_UIApplicationSupportsIndirectInputEvents = YES;
				INFOPLIST_KEY_UILaunchScreen_Generation = YES;
				INFOPLIST_KEY_UISupportedInterfaceOrientations_iPad = "UIInterfaceOrientationPortrait UIInterfaceOrientationPortraitUpsideDown UIInterfaceOrientationLandscapeLeft UIInterfaceOrientationLandscapeRight";
				INFOPLIST_KEY_UISupportedInterfaceOrientations_iPhone = "UIInterfaceOrientationPortrait UIInterfaceOrientationLandscapeLeft UIInterfaceOrientationLandscapeRight";
				IPHONEOS_DEPLOYMENT_TARGET = 15.2;
				LD_RUNPATH_SEARCH_PATHS = (
					"$(inherited)",
					"@executable_path/Frameworks",
				);
				MARKETING_VERSION = 1.0;
				PRODUCT_BUNDLE_IDENTIFIER = "dimitristheodoropoulos.SwiftUI-Weather";
				PRODUCT_NAME = "SwiftUI-Weather";
				SDKROOT = iphoneos;
				SWIFT_EMIT_LOC_STRINGS = YES;
				SWIFT_VERSION = 5.0;
				TARGETED_DEVICE_FAMILY = "1,2";
			};
			name = Debug;
		};
		9438AA9C27886DDA0077613B /* Release */ = {
			isa = XCBuildConfiguration;
			buildSettings = {
				ASSETCATALOG_COMPILER_APPICON_NAME = AppIcon;
				ASSETCATALOG_COMPILER_GLOBAL_ACCENT_COLOR_NAME = AccentColor;
				CODE_SIGN_STYLE = Automatic;
				CURRENT_PROJECT_VERSION = 1;
				DEVELOPMENT_TEAM = GD6W4H77DS;
				ENABLE_PREVIEWS = YES;
				GENERATE_INFOPLIST_FILE = YES;
				INFOPLIST_KEY_UIApplicationSceneManifest_Generation = YES;
				INFOPLIST_KEY_UIApplicationSupportsIndirectInputEvents = YES;
				INFOPLIST_KEY_UILaunchScreen_Generation = YES;
				INFOPLIST_KEY_UISupportedInterfaceOrientations_iPad = "UIInterfaceOrientationPortrait UIInterfaceOrientationPortraitUpsideDown UIInterfaceOrientationLandscapeLeft UIInterfaceOrientationLandscapeRight";
				INFOPLIST_KEY_UISupportedInterfaceOrientations_iPhone = "UIInterfaceOrientationPortrait UIInterfaceOrientationLandscapeLeft UIInterfaceOrientationLandscapeRight";
				IPHONEOS_DEPLOYMENT_TARGET = 15.2;
				LD_RUNPATH_SEARCH_PATHS = (
					"$(inherited)",
					"@executable_path/Frameworks",
				);
				MARKETING_VERSION = 1.0;
				PRODUCT_BUNDLE_IDENTIFIER = "dimitristheodoropoulos.SwiftUI-Weather";
				PRODUCT_NAME = "SwiftUI-Weather";
				SDKROOT = iphoneos;
				SWIFT_EMIT_LOC_STRINGS = YES;
				SWIFT_VERSION = 5.0;
				TARGETED_DEVICE_FAMILY = "1,2";
				VALIDATE_PRODUCT = YES;
			};
			name = Release;
		};
		9438AA9E27886DDA0077613B /* Debug */ = {
			isa = XCBuildConfiguration;
			buildSettings = {
				ASSETCATALOG_COMPILER_APPICON_NAME = AppIcon;
				ASSETCATALOG_COMPILER_GLOBAL_ACCENT_COLOR_NAME = AccentColor;
				CODE_SIGN_ENTITLEMENTS = macOS/macOS.entitlements;
				CODE_SIGN_STYLE = Automatic;
				COMBINE_HIDPI_IMAGES = YES;
				CURRENT_PROJECT_VERSION = 1;
				DEVELOPMENT_TEAM = GD6W4H77DS;
				ENABLE_HARDENED_RUNTIME = YES;
				ENABLE_PREVIEWS = YES;
				GENERATE_INFOPLIST_FILE = YES;
				INFOPLIST_KEY_NSHumanReadableCopyright = "";
				LD_RUNPATH_SEARCH_PATHS = (
					"$(inherited)",
					"@executable_path/../Frameworks",
				);
				MACOSX_DEPLOYMENT_TARGET = 12.0;
				MARKETING_VERSION = 1.0;
				PRODUCT_BUNDLE_IDENTIFIER = "dimitristheodoropoulos.SwiftUI-Weather";
				PRODUCT_NAME = "SwiftUI-Weather";
				SDKROOT = macosx;
				SWIFT_EMIT_LOC_STRINGS = YES;
				SWIFT_VERSION = 5.0;
			};
			name = Debug;
		};
		9438AA9F27886DDA0077613B /* Release */ = {
			isa = XCBuildConfiguration;
			buildSettings = {
				ASSETCATALOG_COMPILER_APPICON_NAME = AppIcon;
				ASSETCATALOG_COMPILER_GLOBAL_ACCENT_COLOR_NAME = AccentColor;
				CODE_SIGN_ENTITLEMENTS = macOS/macOS.entitlements;
				CODE_SIGN_STYLE = Automatic;
				COMBINE_HIDPI_IMAGES = YES;
				CURRENT_PROJECT_VERSION = 1;
				DEVELOPMENT_TEAM = GD6W4H77DS;
				ENABLE_HARDENED_RUNTIME = YES;
				ENABLE_PREVIEWS = YES;
				GENERATE_INFOPLIST_FILE = YES;
				INFOPLIST_KEY_NSHumanReadableCopyright = "";
				LD_RUNPATH_SEARCH_PATHS = (
					"$(inherited)",
					"@executable_path/../Frameworks",
				);
				MACOSX_DEPLOYMENT_TARGET = 12.0;
				MARKETING_VERSION = 1.0;
				PRODUCT_BUNDLE_IDENTIFIER = "dimitristheodoropoulos.SwiftUI-Weather";
				PRODUCT_NAME = "SwiftUI-Weather";
				SDKROOT = macosx;
				SWIFT_EMIT_LOC_STRINGS = YES;
				SWIFT_VERSION = 5.0;
			};
			name = Release;
		};
		9438AAA127886DDA0077613B /* Debug */ = {
			isa = XCBuildConfiguration;
			buildSettings = {
				ALWAYS_EMBED_SWIFT_STANDARD_LIBRARIES = YES;
				CODE_SIGN_STYLE = Automatic;
				CURRENT_PROJECT_VERSION = 1;
				DEVELOPMENT_TEAM = GD6W4H77DS;
				GENERATE_INFOPLIST_FILE = YES;
				IPHONEOS_DEPLOYMENT_TARGET = 15.2;
				MARKETING_VERSION = 1.0;
				PRODUCT_BUNDLE_IDENTIFIER = "dimitristheodoropoulos.Tests-iOS";
				PRODUCT_NAME = "$(TARGET_NAME)";
				SDKROOT = iphoneos;
				SWIFT_EMIT_LOC_STRINGS = NO;
				SWIFT_VERSION = 5.0;
				TARGETED_DEVICE_FAMILY = "1,2";
				TEST_TARGET_NAME = "SwiftUI-Weather (iOS)";
			};
			name = Debug;
		};
		9438AAA227886DDA0077613B /* Release */ = {
			isa = XCBuildConfiguration;
			buildSettings = {
				ALWAYS_EMBED_SWIFT_STANDARD_LIBRARIES = YES;
				CODE_SIGN_STYLE = Automatic;
				CURRENT_PROJECT_VERSION = 1;
				DEVELOPMENT_TEAM = GD6W4H77DS;
				GENERATE_INFOPLIST_FILE = YES;
				IPHONEOS_DEPLOYMENT_TARGET = 15.2;
				MARKETING_VERSION = 1.0;
				PRODUCT_BUNDLE_IDENTIFIER = "dimitristheodoropoulos.Tests-iOS";
				PRODUCT_NAME = "$(TARGET_NAME)";
				SDKROOT = iphoneos;
				SWIFT_EMIT_LOC_STRINGS = NO;
				SWIFT_VERSION = 5.0;
				TARGETED_DEVICE_FAMILY = "1,2";
				TEST_TARGET_NAME = "SwiftUI-Weather (iOS)";
				VALIDATE_PRODUCT = YES;
			};
			name = Release;
		};
		9438AAA427886DDA0077613B /* Debug */ = {
			isa = XCBuildConfiguration;
			buildSettings = {
				ALWAYS_EMBED_SWIFT_STANDARD_LIBRARIES = YES;
				CODE_SIGN_STYLE = Automatic;
				CURRENT_PROJECT_VERSION = 1;
				DEVELOPMENT_TEAM = GD6W4H77DS;
				GENERATE_INFOPLIST_FILE = YES;
				MACOSX_DEPLOYMENT_TARGET = 12.0;
				MARKETING_VERSION = 1.0;
				PRODUCT_BUNDLE_IDENTIFIER = "dimitristheodoropoulos.Tests-macOS";
				PRODUCT_NAME = "$(TARGET_NAME)";
				SDKROOT = macosx;
				SWIFT_EMIT_LOC_STRINGS = NO;
				SWIFT_VERSION = 5.0;
				TEST_TARGET_NAME = "SwiftUI-Weather (macOS)";
			};
			name = Debug;
		};
		9438AAA527886DDA0077613B /* Release */ = {
			isa = XCBuildConfiguration;
			buildSettings = {
				ALWAYS_EMBED_SWIFT_STANDARD_LIBRARIES = YES;
				CODE_SIGN_STYLE = Automatic;
				CURRENT_PROJECT_VERSION = 1;
				DEVELOPMENT_TEAM = GD6W4H77DS;
				GENERATE_INFOPLIST_FILE = YES;
				MACOSX_DEPLOYMENT_TARGET = 12.0;
				MARKETING_VERSION = 1.0;
				PRODUCT_BUNDLE_IDENTIFIER = "dimitristheodoropoulos.Tests-macOS";
				PRODUCT_NAME = "$(TARGET_NAME)";
				SDKROOT = macosx;
				SWIFT_EMIT_LOC_STRINGS = NO;
				SWIFT_VERSION = 5.0;
				TEST_TARGET_NAME = "SwiftUI-Weather (macOS)";
			};
			name = Release;
		};
/* End XCBuildConfiguration section */

/* Begin XCConfigurationList section */
		9438AA6827886DD90077613B /* Build configuration list for PBXProject "SwiftUI-Weather" */ = {
			isa = XCConfigurationList;
			buildConfigurations = (
				9438AA9827886DDA0077613B /* Debug */,
				9438AA9927886DDA0077613B /* Release */,
			);
			defaultConfigurationIsVisible = 0;
			defaultConfigurationName = Release;
		};
		9438AA9A27886DDA0077613B /* Build configuration list for PBXNativeTarget "SwiftUI-Weather (iOS)" */ = {
			isa = XCConfigurationList;
			buildConfigurations = (
				9438AA9B27886DDA0077613B /* Debug */,
				9438AA9C27886DDA0077613B /* Release */,
			);
			defaultConfigurationIsVisible = 0;
			defaultConfigurationName = Release;
		};
		9438AA9D27886DDA0077613B /* Build configuration list for PBXNativeTarget "SwiftUI-Weather (macOS)" */ = {
			isa = XCConfigurationList;
			buildConfigurations = (
				9438AA9E27886DDA0077613B /* Debug */,
				9438AA9F27886DDA0077613B /* Release */,
			);
			defaultConfigurationIsVisible = 0;
			defaultConfigurationName = Release;
		};
		9438AAA027886DDA0077613B /* Build configuration list for PBXNativeTarget "Tests iOS" */ = {
			isa = XCConfigurationList;
			buildConfigurations = (
				9438AAA127886DDA0077613B /* Debug */,
				9438AAA227886DDA0077613B /* Release */,
			);
			defaultConfigurationIsVisible = 0;
			defaultConfigurationName = Release;
		};
		9438AAA327886DDA0077613B /* Build configuration list for PBXNativeTarget "Tests macOS" */ = {
			isa = XCConfigurationList;
			buildConfigurations = (
				9438AAA427886DDA0077613B /* Debug */,
				9438AAA527886DDA0077613B /* Release */,
			);
			defaultConfigurationIsVisible = 0;
			defaultConfigurationName = Release;
		};
/* End XCConfigurationList section */
	};
	rootObject = 9438AA6527886DD90077613B /* Project object */;
}
